{
    "_meta": {
        "hash": {
            "sha256": "dbb3bc4ca9524d78d5e3e8f74ea241f0ba24f13a7aa0fe331fcf7c18fa3c6897"
        },
        "pipfile-spec": 6,
        "requires": {
            "python_version": "3.6"
        },
        "sources": [
            {
                "name": "pypi",
                "url": "https://pypi.org/simple",
                "verify_ssl": true
            }
        ]
    },
    "default": {
        "absl-py": {
            "hashes": [
                "sha256:84e6dcdc69c947d0c13e5457d056bd43cade4c2393dce00d684aedea77ddc2a3",
                "sha256:ac511215c01ee9ae47b19716599e8ccfa746f2e18de72bdf641b79b22afa27ea"
            ],
            "markers": "python_version >= '3.6'",
            "version": "==1.0.0"
        },
        "astor": {
            "hashes": [
                "sha256:070a54e890cefb5b3739d19f30f5a5ec840ffc9c50ffa7d23cc9fc1a38ebbfc5",
                "sha256:6a6effda93f4e1ce9f618779b2dd1d9d84f1e32812c23a29b3fff6fd7f63fa5e"
            ],
            "markers": "python_version >= '2.7' and python_version not in '3.0, 3.1, 3.2, 3.3'",
            "version": "==0.8.1"
        },
        "dataclasses": {
            "hashes": [
                "sha256:0201d89fa866f68c8ebd9d08ee6ff50c0b255f8ec63a71c16fda7af82bb887bf",
                "sha256:8479067f342acf957dc82ec415d355ab5edb7e7646b90dc6e2fd1d96ad084c97"
            ],
            "markers": "python_version < '3.7'",
            "version": "==0.8"
        },
        "gast": {
            "hashes": [
                "sha256:211aac1e58c167b25d3504998f2db694454a24bb1fb1225bce99420166f21d6a",
                "sha256:cfbea25820e653af9c7d1807f659ce0a0a9c64f2439421a7bba4f0983f532dea"
            ],
            "markers": "python_version >= '2.7' and python_version not in '3.0, 3.1, 3.2, 3.3'",
            "version": "==0.5.3"
        },
        "grpcio": {
            "hashes": [
                "sha256:01f3f7a6cdb111cf276ffff9c892fa32624e03999bac809d3f3d8321d98b6855",
                "sha256:0a5012ba00cf8b7ce9e6ac2312ace0b0e16fe9502c18340c8c3ecb734a759831",
                "sha256:0c89ae010c57333dd3c692e0892199a59df1ddfd467cdfea31f98331d0e8cf87",
                "sha256:158b90d4f1354f40e435f4c866057acc29a4364b214c31049c8b8c903646fbab",
                "sha256:2334ceeab4084e80433693451452cba26afc1607a7974133af3b3635fc8aa935",
                "sha256:26136c19d96e2138f04412101f3730d66f5f1515dc912ac0d415587c8208d826",
                "sha256:2c96a6103caec84985bb2cffac2b261f8cac2641e7a70d4b43b7d08754a6cfe7",
                "sha256:307ff1d6237d5c383196660a12db021c20280227f9f4423d88d6b2ab20c8b1d0",
                "sha256:34b206cdf78dd1c14d93e10e7308750c36b4e6754d579895cba74341875e2fb5",
                "sha256:3585a6fa3d97fc8f030bbf0e88185b5eb345a340f6732e165d5c22df54de5bc6",
                "sha256:3af2cc4e41f87d3b57f624b1b14321c1d0f030b191da60f9eeeda5448d83240c",
                "sha256:4b8fd8b1cd553635274b83cd984f0755e6779886eca53c1c71d48215962eb689",
                "sha256:4c05dbc164c2d3015109292ffeed68292807a6cb1225f9a36699bf2166634908",
                "sha256:4caf87a06de88e3611a4610c57ef55b78801843d1f5a9e5fd6b75e887dad3340",
                "sha256:4faaba7db078a0001a8c1a4370d56dc454c03b4613b6acec01f14b90c8dd03cf",
                "sha256:4fd0aa30a938893060defd5f222604461db55f9a81a028b154479b91deac7074",
                "sha256:5210ec7a1638daa61da16487fbfafb3dbb7b8cd44382d9262316bbb58a5b1cf7",
                "sha256:53fff69fd4d315adddda226e7b71804d1f12adf3a4162126dc520725624a483a",
                "sha256:56636ebf8db63ba50d272dfd73c92538950525120311676246f8f6a81b0aa144",
                "sha256:5969f63f3cf92538f83f26949d393d9fc59de670f47cf7c2a0e1e0d30b770294",
                "sha256:5f8134d4a7e76c8c6644bd3ce728b9894933575155d02c09922986d5d8d6e48c",
                "sha256:5fb7779ae01c20c4fad5831e98003b3f036acfe6b77697d6a9baa0f9a7f14daf",
                "sha256:6d51fa98bd40d4593f819a3fec8a078a192958d24f84c3daf15b5ad7705d4c48",
                "sha256:707b85fa0cf606a9ab02246bd3142c76e154f1c30f00f7346b2afa3d0b315d5a",
                "sha256:71d46c2f3c0512bac3d658af3193e3d645c96123af56bd07a8416474c69df2cf",
                "sha256:7a39d39da8855b03be2d7348387986bab6a322031fcc8b04fa5e72355e7b13a1",
                "sha256:7b59982e405159385d5796aa1e0817ec83affb3eb4c2a5b7ca39413d17d7e332",
                "sha256:7d4148f1f76516b01cccf2273b45bc706847f1560ccb55aa6e29df851e9ca8cc",
                "sha256:8c63e7c61c0b06f838e8f45ffd3a7c68a520c4c026b2e0e8b1ad29c456d0f859",
                "sha256:8c9106ef35239767b3aa9dc1a79856ad499655f853fca9f92f9dd3182d646627",
                "sha256:9014aee70e29911008d2f388011cabf2c7fe4fe29918ce5f71513a660494069a",
                "sha256:91aaccbe1c035ad2bcd1b8a25cebd11839070eb70fb6573e9d0197ddbca5d96b",
                "sha256:97801afa96a819f911d030b490dbea95b246de02433bac69c5acf150081686e4",
                "sha256:9c97106134de70f8323b12738ac0adf0615688b69253002910d0c5d42d202a77",
                "sha256:a19b3ecdb8ddf60e4b034def27636065e49ac1ee3c85854a16353cf52c2afd83",
                "sha256:a6bb52df85a4bd6d3bad16b4e7cc43efe95469b74a856c87a2c5bef496c9147f",
                "sha256:a898b0f13bda2dfe786952cc1ea705762fa6c3ae799b4bb0525d7821605ae968",
                "sha256:a8f40dafcdc3e0e378387953528eaf4e35758161f3b10d96199f12b11afbe2c2",
                "sha256:aac6e66acae82be5c99a0a40ab8f5733d7df76a04f242cf42ecc34cfb1e947bd",
                "sha256:ab18e85082003d7883a4d069065436e61cb27c2c2150e7965ce93658f17bc8da",
                "sha256:aff6d961d6bc5e34e12e148383671f8da5d17e47ed606ec15f483def3053b206",
                "sha256:be1679d814a292a701f45df324e25b060435dd13159e9b08a16e2a2396c4391c",
                "sha256:c6a460b6aaf43428d48fececad864cc562458b944df80568e490d985d8576292",
                "sha256:c6fe85e5873d9784ab82cf261d9fc07ed67a4459ba69fbe1187ef8b8e3d9e30e",
                "sha256:d41ea8efb87b1ae4e576b13d94f2b470297a1495ae6b2c9d1047952731bf168f",
                "sha256:dc6d15cbcceaebaacf2994280ed1c01d42b5772059b30afd8a76152e9d23daa4",
                "sha256:df980c4901a92ca649e18036ff67c7c8cad239b2759c2472694f7ab0f0b4ffb9",
                "sha256:e0486485d59d5865149010966ef3df99c5df97ab8b01f10e26f8759d6e10fafc",
                "sha256:e0ae8e8523308bf7ab0b7d6aa686011de59b19fb06abb253f302d0b5da2a5905",
                "sha256:e278fa30d2b5652f7e43970c86ad34c639146443553678b746909aae204924dc",
                "sha256:e9bba429eb743471715e6dadf006a70a77cb6afb065aa4a6eaa9efd76b09e336",
                "sha256:f5c6393fa645183ae858ebfbf72ab94e7ebafb5cd849dcf4ae8c53a83cce4e24",
                "sha256:f7637b55662e56a64c07846bc0d2da6232a6e893b22c39790f2e41d03ac1a826",
                "sha256:ffbbb228e6fc6f85b34aac428eb76b4fc6591d771e487ce46eb16b4b7e18b91d"
            ],
            "markers": "python_version >= '3.6'",
            "version": "==1.46.3"
        },
        "importlib-metadata": {
            "hashes": [
                "sha256:65a9576a5b2d58ca44d133c42a241905cc45e34d2c06fd5ba2bafa221e5d7b5e",
                "sha256:766abffff765960fcc18003801f7044eb6755ffae4521c8e8ce8e83b9c9b0668"
            ],
            "markers": "python_version < '3.10'",
            "version": "==4.8.3"
        },
        "kafka": {
            "hashes": [
                "sha256:35a49e9a432f6792aad48b2ab09d03867357aaa06eacba2678b7fd0808156e5c",
                "sha256:ffb3348cd918c31344b1a2eb61f692cbc423c83b1b06466a86de3db8a3f6a018"
            ],
            "index": "pypi",
            "version": "==1.3.5"
        },
        "markdown": {
            "hashes": [
                "sha256:cbb516f16218e643d8e0a95b309f77eb118cb138d39a4f27851e6a63581db874",
                "sha256:f5da449a6e1c989a4cea2631aa8ee67caa5a2ef855d551c88f9e309f4634c621"
            ],
            "markers": "python_version >= '3.6'",
            "version": "==3.3.7"
        },
        "numpy": {
            "hashes": [
                "sha256:07379fe0b450f6fd6e5934a9bc015025bb4ce1c8fbed3ca8bef29328b1bc9570",
                "sha256:085afac75bbc97a096744fcfc97a4b321c5a87220286811e85089ae04885acdd",
                "sha256:2d6481c6bdab1c75affc0fc71eb1bd4b3ecef620d06f2f60c3f00521d54be04f",
                "sha256:2df854df882d322d5c23087a4959e145b953dfff2abe1774fec4f639ac2f3160",
                "sha256:381ad13c30cd1d0b2f3da8a0c1a4aa697487e8bb0e9e0cbeb7439776bcb645f8",
                "sha256:385f1ce46e08676505b692bfde918c1e0b350963a15ef52d77691c2cf0f5dbf6",
                "sha256:4130e5ae16c656b7de654dc5e595cfeb85d3a4b0bb0734d19c0dce6dc7ee0e07",
                "sha256:4d278c2261be6423c5e63d8f0ceb1b0c6db3ff83f2906f4b860db6ae99ca1bb5",
                "sha256:51c5dcb51cf88b34b7d04c15f600b07c6ccbb73a089a38af2ab83c02862318da",
                "sha256:589336ba5199c8061239cf446ee2f2f1fcc0c68e8531ee1382b6fc0c66b2d388",
                "sha256:5ae3564cb630e155a650f4f9c054589848e97836bebae5637240a0d8099f817b",
                "sha256:5edf1acc827ed139086af95ce4449b7b664f57a8c29eb755411a634be280d9f2",
                "sha256:6b82b81c6b3b70ed40bc6d0b71222ebfcd6b6c04a6e7945a936e514b9113d5a3",
                "sha256:6c57f973218b776195d0356e556ec932698f3a563e2f640cfca7020086383f50",
                "sha256:758d1091a501fd2d75034e55e7e98bfd1370dc089160845c242db1c760d944d9",
                "sha256:8622db292b766719810e0cb0f62ef6141e15fe32b04e4eb2959888319e59336b",
                "sha256:8b8dcfcd630f1981f0f1e3846fae883376762a0c1b472baa35b145b911683b7b",
                "sha256:91fdd510743ae4df862dbd51a4354519dd9fb8941347526cd9c2194b792b3da9",
                "sha256:97fa8f1dceffab782069b291e38c4c2227f255cdac5f1e3346666931df87373e",
                "sha256:9b705f18b26fb551366ab6347ba9941b62272bf71c6bbcadcd8af94d10535241",
                "sha256:9d69967673ab7b028c2df09cae05ba56bf4e39e3cb04ebe452b6035c3b49848e",
                "sha256:9e1f53afae865cc32459ad211493cf9e2a3651a7295b7a38654ef3d123808996",
                "sha256:a4a433b3a264dbc9aa9c7c241e87c0358a503ea6394f8737df1683c7c9a102ac",
                "sha256:baadc5f770917ada556afb7651a68176559f4dca5f4b2d0947cd15b9fb84fb51",
                "sha256:c725d11990a9243e6ceffe0ab25a07c46c1cc2c5dc55e305717b5afe856c9608",
                "sha256:d696a8c87315a83983fc59dd27efe034292b9e8ad667aeae51a68b4be14690d9",
                "sha256:e1864a4e9f93ddb2dc6b62ccc2ec1f8250ff4ac0d3d7a15c8985dd4e1fbd6418",
                "sha256:e1d18421a7e2ad4a655b76e65d549d4159f8874c18a417464c1d439ee7ccc7cd"
            ],
            "markers": "python_version >= '2.7' and python_version not in '3.0, 3.1, 3.2, 3.3'",
            "version": "==1.14.5"
        },
        "opencv-python": {
            "hashes": [
                "sha256:0495e9247fbbd5d88346bb4d480df27fb4000aa4799b5a15b1735968a94a5189",
                "sha256:078e8ea34d06b3fa459c58a6ce966ef715cc2e913b7bd96a46beb345975aa5d6",
                "sha256:0dbbd0348c8282d4e3cf472a8e2a17785f05c22a55647253fa00b539897f8fcc",
                "sha256:1b302b4721ca2d55ae7e9e80acebd73499c16a82be9bebc563a7937dbd348b2d",
                "sha256:1f035595ef2f296c234c2b8b9659162646b9312afd0cec7ab0217bad915ff068",
                "sha256:1f7fa5433c26c637cf923c59025df12fcd56b2d205da178c7ad6954e6e50912e",
                "sha256:20bd10b6f6f5de1a5e796900ab77ea57366139290f426d2039d3919d8ddf9f1c",
                "sha256:2306ddd98aa52688c9667f8080349d653d465a2b838cbacb19561286046ba1e8",
                "sha256:31945ea9e7324c41be925f2b21fcb523844b2399dc649010f3a3e97825dcfcd0",
                "sha256:36680744ebdc66a9da0a65f1f33ec9cf5d26a98749c5701dc612b334b213997d",
                "sha256:409e3a4c925accd68a5ab1cef21dd04b957c0ee2985db8f075a808dccd6e0f73",
                "sha256:440a093dda50daf093d73aae2dd333c9e4a593cfe7df8cbc298b421d313e263f",
                "sha256:4b0465c3df9dea074583b6b4f8cf22e5902c5c5ec213a479c6c834a8a0191cf7",
                "sha256:4b5902b647e66addfa5218dbc75e7a4de2f46c253ea17b234408f5792cfc8d7f",
                "sha256:4f0a5c098aad4df88ce7dc3828a857921368635e3a961e80431e60f3522a99be",
                "sha256:6df586230f9146afde5b8e2f4511978f8fb6172bf0f47ba290423979baae974d",
                "sha256:6e4fee2ee2bc4d911dad78e2b167da97796879aaade4be3ff42ff1993e250b15",
                "sha256:70f3c6fe31af7c00c60cb91bb7351837ba6c7b3d173b855ca5dbe265b90a1606",
                "sha256:78390d93834b6b7c9d9234dba68ba9c34a966f60e519efd2691e5c367dee7f8e",
                "sha256:81519bba8560c68f587482c157a74cf04d5a2877d4367377d2671e66eb7a3961",
                "sha256:87beeb6ad4ffcd6fbfbb464a8a75c7a1389a0642cc632ecceb504c86139567e3",
                "sha256:a354096290dd57ddb2664e7b21ddb6c6c2f5297cc4d8a402ce3f6a82a24807e3",
                "sha256:a4635e22637181b478d6ad337c94b596c98c16bdbae92ef90514bbf31e30ef3a",
                "sha256:b23359c21c4eb84f28fbe1331723bbf1ebc34125f22480da4b16cfae989a3249",
                "sha256:ba52829eafab59c5260bec012fad0e26bd05389828af0e316e278912c82dab32",
                "sha256:c672596fa261766d6d0cc02377755558b92dee80a64ee8dd6f58f4e56bf7835d",
                "sha256:fd6ac9a11faa5d1cbf014d059dd890ad6f0583f149e780ff7d0d3d47e68438d6"
            ],
            "index": "pypi",
            "version": "==3.4.2.17"
        },
        "protobuf": {
            "hashes": [
                "sha256:072fbc78d705d3edc7ccac58a62c4c8e0cec856987da7df8aca86e647be4e35c",
                "sha256:09297b7972da685ce269ec52af761743714996b4381c085205914c41fcab59fb",
                "sha256:16f519de1313f1b7139ad70772e7db515b1420d208cb16c6d7858ea989fc64a9",
                "sha256:1c91ef4110fdd2c590effb5dca8fdbdcb3bf563eece99287019c4204f53d81a4",
                "sha256:3112b58aac3bac9c8be2b60a9daf6b558ca3f7681c130dcdd788ade7c9ffbdca",
                "sha256:36cecbabbda242915529b8ff364f2263cd4de7c46bbe361418b5ed859677ba58",
                "sha256:4276cdec4447bd5015453e41bdc0c0c1234eda08420b7c9a18b8d647add51e4b",
                "sha256:435bb78b37fc386f9275a7035fe4fb1364484e38980d0dd91bc834a02c5ec909",
                "sha256:48ed3877fa43e22bcacc852ca76d4775741f9709dd9575881a373bd3e85e54b2",
                "sha256:54a1473077f3b616779ce31f477351a45b4fef8c9fd7892d6d87e287a38df368",
                "sha256:69da7d39e39942bd52848438462674c463e23963a1fdaa84d88df7fbd7e749b2",
                "sha256:6cbc312be5e71869d9d5ea25147cdf652a6781cf4d906497ca7690b7b9b5df13",
                "sha256:7bb03bc2873a2842e5ebb4801f5c7ff1bfbdf426f85d0172f7644fcda0671ae0",
                "sha256:7ca7da9c339ca8890d66958f5462beabd611eca6c958691a8fe6eccbd1eb0c6e",
                "sha256:835a9c949dc193953c319603b2961c5c8f4327957fe23d914ca80d982665e8ee",
                "sha256:84123274d982b9e248a143dadd1b9815049f4477dc783bf84efe6250eb4b836a",
                "sha256:8961c3a78ebfcd000920c9060a262f082f29838682b1f7201889300c1fbe0616",
                "sha256:96bd766831596d6014ca88d86dc8fe0fb2e428c0b02432fd9db3943202bf8c5e",
                "sha256:9df0c10adf3e83015ced42a9a7bd64e13d06c4cf45c340d2c63020ea04499d0a",
                "sha256:b38057450a0c566cbd04890a40edf916db890f2818e8682221611d78dc32ae26",
                "sha256:bd95d1dfb9c4f4563e6093a9aa19d9c186bf98fa54da5252531cc0d3a07977e7",
                "sha256:c1068287025f8ea025103e37d62ffd63fec8e9e636246b89c341aeda8a67c934",
                "sha256:c438268eebb8cf039552897d78f402d734a404f1360592fef55297285f7f953f",
                "sha256:cdc076c03381f5c1d9bb1abdcc5503d9ca8b53cf0a9d31a9f6754ec9e6c8af0f",
                "sha256:f358aa33e03b7a84e0d91270a4d4d8f5df6921abe99a377828839e8ed0c04e07",
                "sha256:f51d5a9f137f7a2cec2d326a74b6e3fc79d635d69ffe1b036d39fc7d75430d37"
            ],
            "markers": "python_version >= '3.5'",
            "version": "==3.19.4"
        },
        "setuptools": {
            "hashes": [
                "sha256:0cb8b8625bfdcc2d43ea4b9cdba0b39b2b7befc04f3088897031082aa16ce186",
                "sha256:c5484e13b89927b44fd15897f7ce19dded8e7f035466a4fa7b946c0bdd86edd7"
            ],
            "markers": "python_version >= '2.7' and python_version not in '3.0, 3.1, 3.2, 3.3'",
            "version": "==39.1.0"
        },
        "six": {
            "hashes": [
                "sha256:1e61c37477a1626458e36f7b1d82aa5c9b094fa4802892072e49de9c60c4c926",
                "sha256:8abb2f1d86890a2dfb989f9a77cfcfd3e47c2a354b01111771326f8aa26e0254"
            ],
            "markers": "python_version >= '2.7' and python_version not in '3.0, 3.1, 3.2, 3.3'",
            "version": "==1.16.0"
        },
        "tensorboard": {
            "hashes": [
                "sha256:64edbe66864e02719f85708ae01efe3448af964c042a502fd2046cc87a3b1f12",
                "sha256:e4ea6ac2e47bf715b915f08a186e6205fa097318bd73f0b265d437b1d7834484"
            ],
            "markers": "python_version >= '2.7' and python_version not in '3.0, 3.1, 3.2, 3.3'",
            "version": "==1.10.0"
        },
        "tensorflow": {
            "sys_platform": "== 'darwin'",
            "version": "==2.6.4"
        },
        "tensorflow-gpu": {
            "hashes": [
                "sha256:04512cc1f306593cc7153f3fb63abc723d1ba01b0d180fd5aa50360db3b97114",
                "sha256:2b04b60b76396e9836fbdf02fefeb6af7ef6766d23d8b538f3fbf4d87ad56315",
                "sha256:4d07fe949d3d4adcaf8a6b0435fb272faf4c809645458b30fe4f187bc7365de4",
                "sha256:5e156626db0030d3c1656ce30bce59b4f7fcd94902642982d92ce3eedd20f46e",
                "sha256:621a6efdca4c7c7cf42e2b8a362f16462107c8f9affdfbcb110d4e965884fe38",
                "sha256:9cc66cf26bcd2506ec42843dc4af77844f144f5341887fb30bf12dc330fb031a",
                "sha256:bf08d9208e58dae11934a7066d9ef644ac99098a714b3bace46cd7807625e4a6"
            ],
            "index": "pypi",
            "markers": "sys_platform != 'darwin'",
            "version": "==1.10.0"
        },
        "termcolor": {
            "hashes": [
                "sha256:1d6d69ce66211143803fbc56652b41d73b4a400a2891d7bf7a1cdf4c02de613b"
            ],
            "version": "==1.1.0"
        },
        "typing-extensions": {
            "hashes": [
                "sha256:1a9462dcc3347a79b1f1c0271fbe79e844580bb598bafa1ed208b94da3cdcd42",
                "sha256:21c85e0fe4b9a155d0799430b0ad741cdce7e359660ccbd8b530613e8df88ce2"
            ],
            "markers": "python_version < '3.8'",
            "version": "==4.1.1"
        },
        "werkzeug": {
            "hashes": [
                "sha256:1421ebfc7648a39a5c58c601b154165d05cf47a3cd0ccb70857cbdacf6c8f2b8",
                "sha256:b863f8ff057c522164b6067c9e28b041161b4be5ba4d0daceeaa50a163822d3c"
            ],
            "markers": "python_version >= '3.6'",
            "version": "==2.0.3"
        },
        "wheel": {
            "hashes": [
                "sha256:4bdcd7d840138086126cd09254dc6195fb4fc6f01c050a1d7236f2630db1d22a",
                "sha256:e9a504e793efbca1b8e0e9cb979a249cf4a0a7b5b8c9e8b65a5e39d49529c1c4"
            ],
            "markers": "python_version >= '2.7' and python_version not in '3.0, 3.1, 3.2, 3.3, 3.4'",
            "version": "==0.37.1"
        },
        "zipp": {
            "hashes": [
                "sha256:71c644c5369f4a6e07636f0aa966270449561fcea2e3d6747b8d23efaa9d7832",
                "sha256:9fe5ea21568a0a70e50f273397638d39b03353731e6cbbb3fd8502a33fec40bc"
            ],
            "markers": "python_version >= '3.6'",
            "version": "==3.6.0"
        }
    },
    "develop": {}
}
